
Microsoft Visual Studio Solution File, Format Version 12.00
# Visual Studio 2013
VisualStudioVersion = 12.0.40629.0
MinimumVisualStudioVersion = 10.0.40219.1
Project("{FAE04EC0-301F-11D3-BF4B-00C04F79EFBC}") = "Server", "Server\Server.csproj", "{CE606B81-A816-4C33-A24F-127A461C17DE}"
EndProject
Project("{FAE04EC0-301F-11D3-BF4B-00C04F79EFBC}") = "FlightConnection", "FlightConnection\FlightConnection.csproj", "{01742AAF-A505-4DD5-A364-950C97B8AA7C}"
EndProject
Project("{FAE04EC0-301F-11D3-BF4B-00C04F79EFBC}") = "ClientWinForms", "ClientWinForms\ClientWinForms.csproj", "{8EA94F20-6F1E-4AB3-9C9F-FAF70EAE7B39}"
EndProject
Global
	GlobalSection(SolutionConfigurationPlatforms) = preSolution
		Debug|Any CPU = Debug|Any CPU
		Release|Any CPU = Release|Any CPU
	EndGlobalSection
	GlobalSection(ProjectConfigurationPlatforms) = postSolution
		{CE606B81-A816-4C33-A24F-127A461C17DE}.Debug|Any CPU.ActiveCfg = Debug|Any CPU
		{CE606B81-A816-4C33-A24F-127A461C17DE}.Debug|Any CPU.Build.0 = Debug|Any CPU
		{CE606B81-A816-4C33-A24F-127A461C17DE}.Release|Any CPU.ActiveCfg = Release|Any CPU
		{CE606B81-A816-4C33-A24F-127A461C17DE}.Release|Any CPU.Build.0 = Release|Any CPU
		{01742AAF-A505-4DD5-A364-950C97B8AA7C}.Debug|Any CPU.ActiveCfg = Debug|Any CPU
		{01742AAF-A505-4DD5-A364-950C97B8AA7C}.Debug|Any CPU.Build.0 = Debug|Any CPU
		{01742AAF-A505-4DD5-A364-950C97B8AA7C}.Release|Any CPU.ActiveCfg = Release|Any CPU
		{01742AAF-A505-4DD5-A364-950C97B8AA7C}.Release|Any CPU.Build.0 = Release|Any CPU
		{8EA94F20-6F1E-4AB3-9C9F-FAF70EAE7B39}.Debug|Any CPU.ActiveCfg = Debug|Any CPU
		{8EA94F20-6F1E-4AB3-9C9F-FAF70EAE7B39}.Debug|Any CPU.Build.0 = Debug|Any CPU
		{8EA94F20-6F1E-4AB3-9C9F-FAF70EAE7B39}.Release|Any CPU.ActiveCfg = Release|Any CPU
		{8EA94F20-6F1E-4AB3-9C9F-FAF70EAE7B39}.Release|Any CPU.Build.0 = Release|Any CPU
	EndGlobalSection
	GlobalSection(SolutionProperties) = preSolution
		HideSolutionNode = FALSE
	EndGlobalSection
EndGlobal
